schema: '2.0'
stages:
  data_ingestion:
    cmd: python src/data/data_ingestion.py
    deps:
    - path: src/data/data_ingestion.py
      hash: md5
      md5: caaf549d488798bd2084e75336efb97f
      size: 4219
    params:
      params.yaml:
        data_ingestion.test_size: 0.1
    outs:
    - path: data/raw
      hash: md5
      md5: 3198efae5530b12d525a62e975e2efaf.dir
      size: 6882906
      nfiles: 2
  data_preprocessing:
    cmd: python src/data/data_preprocessing.py
    deps:
    - path: data/raw/test.csv
      hash: md5
      md5: b51320b578c335c6bdd39a33ae64299b
      size: 654453
    - path: data/raw/train.csv
      hash: md5
      md5: 0cccfdfbf6977ef1e623b03c19814547
      size: 6228453
    - path: src/data/data_preprocessing.py
      hash: md5
      md5: ab18ed3e7fcc4439363ad6b7865e46d4
      size: 3714
    outs:
    - path: data/interim
      hash: md5
      md5: 5fc1a2d4fbfe3ba83326fdd334d7bdb5.dir
      size: 5095933
      nfiles: 2
  model_building:
    cmd: python src/model/model_building.py
    deps:
    - path: data/interim/train_processed.csv
      hash: md5
      md5: de806fd68140de3bc83606f96bc90375
      size: 4611782
    - path: src/model/model_building.py
      hash: md5
      md5: fd2e5a501601116a3bf8d2b8a59853ff
      size: 5473
    params:
      params.yaml:
        model_building.learning_rate: 0.09
        model_building.max_depth: 20
        model_building.max_features: 10000
        model_building.n_estimators: 367
        model_building.ngram_range:
        - 1
        - 3
    outs:
    - path: lgbm_model.pkl
      hash: md5
      md5: 5c165b4de99802f1b31e880a7a5f957b
      size: 4113102
    - path: tfidf_vectorizer.pkl
      hash: md5
      md5: 650184f5374515df8ea3a1ec95d89101
      size: 383736
  model_evaluation:
    cmd: python src/model/model_evaluation.py
    deps:
    - path: data/interim/test_processed.csv
      hash: md5
      md5: 624d902c412b093fd56fdcb402451fbb
      size: 484151
    - path: data/interim/train_processed.csv
      hash: md5
      md5: de806fd68140de3bc83606f96bc90375
      size: 4611782
    - path: lgbm_model.pkl
      hash: md5
      md5: 5c165b4de99802f1b31e880a7a5f957b
      size: 4113102
    - path: src/model/model_evaluation.py
      hash: md5
      md5: 09f056bc45dca6ed97db4b6b9ee0c010
      size: 7173
    - path: tfidf_vectorizer.pkl
      hash: md5
      md5: 650184f5374515df8ea3a1ec95d89101
      size: 383736
    outs:
    - path: experiment_info.json
      hash: md5
      md5: 260a3add23c922a1f6db8a60cce6aa38
      size: 84
  model_registration:
    cmd: python src/model/register_model.py
    deps:
    - path: experiment_info.json
      hash: md5
      md5: 260a3add23c922a1f6db8a60cce6aa38
      size: 84
    - path: src/model/register_model.py
      hash: md5
      md5: b303e8a0a5e86b18f0daf55059cfa8f2
      size: 2403
