schema: '2.0'
stages:
  data_ingestion:
    cmd: python src/data/data_ingestion.py
    deps:
    - path: src/data/data_ingestion.py
      hash: md5
      md5: e23f87e7ae0762c78f09dbb3f2c6c025
      size: 4332
    params:
      params.yaml:
        data_ingestion.test_size: 0.25
    outs:
    - path: data/raw
      hash: md5
      md5: 49d68ac9e22c6088d4afd89da38f5c38.dir
      size: 6919701
      nfiles: 2
  data_preprocessing:
    cmd: python src/data/data_preprocessing.py
    deps:
    - path: data/raw/test.csv
      hash: md5
      md5: 2e81d6eb492d93987768f731e904781c
      size: 1680931
    - path: data/raw/train.csv
      hash: md5
      md5: 18b3faba324bc010ea34ff2d9244645f
      size: 5238770
    - path: src/data/data_preprocessing.py
      hash: md5
      md5: b2edc5c0d8491bc1452014c713781351
      size: 3822
    outs:
    - path: data/interim
      hash: md5
      md5: 853614ea4b6060030acf322f3388001a.dir
      size: 5132728
      nfiles: 2
  model_building:
    cmd: python src/model/model_building.py
    deps:
    - path: data/interim/train_processed.csv
      hash: md5
      md5: 85c9eaa4afd2e561cc8a1d4284dc024e
      size: 3884710
    - path: src/model/model_building.py
      hash: md5
      md5: 7e6a522f542332755cdd8708067dcb99
      size: 5629
    params:
      params.yaml:
        model_building.learning_rate: 0.09
        model_building.max_depth: 20
        model_building.max_features: 10000
        model_building.n_estimators: 367
        model_building.ngram_range:
        - 1
        - 3
    outs:
    - path: lgbm_model.pkl
      hash: md5
      md5: 6471895866423e4f4d55887304767854
      size: 4098979
    - path: tfidf_vectorizer.pkl
      hash: md5
      md5: f446b5219b06b825b9726471864f7ef4
      size: 17633486
  model_evaluation:
    cmd: python src/model/model_evaluation.py
    deps:
    - path: data/interim/test_processed.csv
      hash: md5
      md5: 8650a2f50d2c0805c1d1083eea14a8f8
      size: 1248018
    - path: data/interim/train_processed.csv
      hash: md5
      md5: 85c9eaa4afd2e561cc8a1d4284dc024e
      size: 3884710
    - path: lgbm_model.pkl
      hash: md5
      md5: 6471895866423e4f4d55887304767854
      size: 4098979
    - path: src/model/model_evaluation.py
      hash: md5
      md5: a852fa1827caa507f5e63de10013c061
      size: 7377
    - path: tfidf_vectorizer.pkl
      hash: md5
      md5: f446b5219b06b825b9726471864f7ef4
      size: 17633486
    outs:
    - path: experiment_info.json
      hash: md5
      md5: 3f5287f3730adaa3d73f827efe6f3c8a
      size: 87
  model_registration:
    cmd: python src/model/register_model.py
    deps:
    - path: experiment_info.json
      hash: md5
      md5: 3f5287f3730adaa3d73f827efe6f3c8a
      size: 87
    - path: src/model/register_model.py
      hash: md5
      md5: a053159de8b8389fb031481048024dbb
      size: 2478
